
Microsoft Visual Studio Solution File, Format Version 12.00
# Visual Studio 15
VisualStudioVersion = 15.0.26124.0
MinimumVisualStudioVersion = 15.0.26124.0
Project("{2150E333-8FDC-42A3-9474-1A3956D46DE8}") = ".build", ".build", "{CB1D506A-0E4B-4D73-9B71-A775E5BBED64}"
	ProjectSection(SolutionItems) = preProject
		.gitignore = .gitignore
		build.fsx = build.fsx
		paket.dependencies = paket.dependencies
		RELEASE_NOTES.md = RELEASE_NOTES.md
		LICENSE.md = LICENSE.md
		README.md = README.md
	EndProjectSection
EndProject
Project("{2150E333-8FDC-42A3-9474-1A3956D46DE8}") = "src", "src", "{1A46DCF9-A66B-40CF-85AA-F8AF7208A3E8}"
EndProject
Project("{F2A71F9B-5D33-465A-A702-920D77279786}") = "Saon", "src\Saon\Saon.fsproj", "{B7F27190-62E6-4055-8F42-422345C9E0C4}"
EndProject
Project("{2150E333-8FDC-42A3-9474-1A3956D46DE8}") = "tests", "tests", "{F45357A7-D08A-421B-8CC9-4989859AA7BA}"
EndProject
Project("{2150E333-8FDC-42A3-9474-1A3956D46DE8}") = ".github", ".github", "{AF4FFB92-9FC9-4F27-BDA4-BDC3CCA3DD28}"
EndProject
Project("{2150E333-8FDC-42A3-9474-1A3956D46DE8}") = "workflows", "workflows", "{E86E6231-8002-4578-9C9D-93A8ACEE8E77}"
				ProjectSection(SolutionItems) = preProject
								.github\workflows\build.yml = .github\workflows\build.yml
				EndProjectSection
EndProject
Project("{F2A71F9B-5D33-465A-A702-920D77279786}") = "Saon.Shared", "src\Saon.Shared\Saon.Shared.fsproj", "{F2592E90-EB20-486C-A262-CDA161415902}"
EndProject
Project("{F2A71F9B-5D33-465A-A702-920D77279786}") = "Saon.Json", "src\Saon.Json\Saon.Json.fsproj", "{34C801BE-9BB3-4033-8943-F598C9E7D9AB}"
EndProject
Project("{F2A71F9B-5D33-465A-A702-920D77279786}") = "Saon.Query", "src\Saon.Query\Saon.Query.fsproj", "{5653E358-947E-45A4-8BA6-80D02C049B0F}"
EndProject
Project("{F2A71F9B-5D33-465A-A702-920D77279786}") = "Saon.Json.Tests", "tests\Saon.Json.Tests\Saon.Json.Tests.fsproj", "{B914EF3A-535C-4239-9D09-1A5F390E9DB7}"
EndProject
Project("{F2A71F9B-5D33-465A-A702-920D77279786}") = "Saon.Shared.Tests", "tests\Saon.Shared.Tests\Saon.Shared.Tests.fsproj", "{15D6A8A1-36C7-4C82-B19C-C262E6DDADEC}"
EndProject
Project("{F2A71F9B-5D33-465A-A702-920D77279786}") = "Saon.Query.Tests", "tests\Saon.Query.Tests\Saon.Query.Tests.fsproj", "{A0720523-E5B1-4D81-B837-D499DCFFE10D}"
EndProject
Global
	GlobalSection(SolutionConfigurationPlatforms) = preSolution
		Debug|Any CPU = Debug|Any CPU
		Debug|x64 = Debug|x64
		Debug|x86 = Debug|x86
		Release|Any CPU = Release|Any CPU
		Release|x64 = Release|x64
		Release|x86 = Release|x86
	EndGlobalSection
	GlobalSection(SolutionProperties) = preSolution
		HideSolutionNode = FALSE
	EndGlobalSection
	GlobalSection(ProjectConfigurationPlatforms) = postSolution
		{B7F27190-62E6-4055-8F42-422345C9E0C4}.Debug|Any CPU.ActiveCfg = Debug|Any CPU
		{B7F27190-62E6-4055-8F42-422345C9E0C4}.Debug|Any CPU.Build.0 = Debug|Any CPU
		{B7F27190-62E6-4055-8F42-422345C9E0C4}.Debug|x64.ActiveCfg = Debug|Any CPU
		{B7F27190-62E6-4055-8F42-422345C9E0C4}.Debug|x64.Build.0 = Debug|Any CPU
		{B7F27190-62E6-4055-8F42-422345C9E0C4}.Debug|x86.ActiveCfg = Debug|Any CPU
		{B7F27190-62E6-4055-8F42-422345C9E0C4}.Debug|x86.Build.0 = Debug|Any CPU
		{B7F27190-62E6-4055-8F42-422345C9E0C4}.Release|Any CPU.ActiveCfg = Release|Any CPU
		{B7F27190-62E6-4055-8F42-422345C9E0C4}.Release|Any CPU.Build.0 = Release|Any CPU
		{B7F27190-62E6-4055-8F42-422345C9E0C4}.Release|x64.ActiveCfg = Release|Any CPU
		{B7F27190-62E6-4055-8F42-422345C9E0C4}.Release|x64.Build.0 = Release|Any CPU
		{B7F27190-62E6-4055-8F42-422345C9E0C4}.Release|x86.ActiveCfg = Release|Any CPU
		{B7F27190-62E6-4055-8F42-422345C9E0C4}.Release|x86.Build.0 = Release|Any CPU
		{F2592E90-EB20-486C-A262-CDA161415902}.Debug|Any CPU.ActiveCfg = Debug|Any CPU
		{F2592E90-EB20-486C-A262-CDA161415902}.Debug|Any CPU.Build.0 = Debug|Any CPU
		{F2592E90-EB20-486C-A262-CDA161415902}.Debug|x64.ActiveCfg = Debug|Any CPU
		{F2592E90-EB20-486C-A262-CDA161415902}.Debug|x64.Build.0 = Debug|Any CPU
		{F2592E90-EB20-486C-A262-CDA161415902}.Debug|x86.ActiveCfg = Debug|Any CPU
		{F2592E90-EB20-486C-A262-CDA161415902}.Debug|x86.Build.0 = Debug|Any CPU
		{F2592E90-EB20-486C-A262-CDA161415902}.Release|Any CPU.ActiveCfg = Release|Any CPU
		{F2592E90-EB20-486C-A262-CDA161415902}.Release|Any CPU.Build.0 = Release|Any CPU
		{F2592E90-EB20-486C-A262-CDA161415902}.Release|x64.ActiveCfg = Release|Any CPU
		{F2592E90-EB20-486C-A262-CDA161415902}.Release|x64.Build.0 = Release|Any CPU
		{F2592E90-EB20-486C-A262-CDA161415902}.Release|x86.ActiveCfg = Release|Any CPU
		{F2592E90-EB20-486C-A262-CDA161415902}.Release|x86.Build.0 = Release|Any CPU
		{34C801BE-9BB3-4033-8943-F598C9E7D9AB}.Debug|Any CPU.ActiveCfg = Debug|Any CPU
		{34C801BE-9BB3-4033-8943-F598C9E7D9AB}.Debug|Any CPU.Build.0 = Debug|Any CPU
		{34C801BE-9BB3-4033-8943-F598C9E7D9AB}.Debug|x64.ActiveCfg = Debug|Any CPU
		{34C801BE-9BB3-4033-8943-F598C9E7D9AB}.Debug|x64.Build.0 = Debug|Any CPU
		{34C801BE-9BB3-4033-8943-F598C9E7D9AB}.Debug|x86.ActiveCfg = Debug|Any CPU
		{34C801BE-9BB3-4033-8943-F598C9E7D9AB}.Debug|x86.Build.0 = Debug|Any CPU
		{34C801BE-9BB3-4033-8943-F598C9E7D9AB}.Release|Any CPU.ActiveCfg = Release|Any CPU
		{34C801BE-9BB3-4033-8943-F598C9E7D9AB}.Release|Any CPU.Build.0 = Release|Any CPU
		{34C801BE-9BB3-4033-8943-F598C9E7D9AB}.Release|x64.ActiveCfg = Release|Any CPU
		{34C801BE-9BB3-4033-8943-F598C9E7D9AB}.Release|x64.Build.0 = Release|Any CPU
		{34C801BE-9BB3-4033-8943-F598C9E7D9AB}.Release|x86.ActiveCfg = Release|Any CPU
		{34C801BE-9BB3-4033-8943-F598C9E7D9AB}.Release|x86.Build.0 = Release|Any CPU
		{5653E358-947E-45A4-8BA6-80D02C049B0F}.Debug|Any CPU.ActiveCfg = Debug|Any CPU
		{5653E358-947E-45A4-8BA6-80D02C049B0F}.Debug|Any CPU.Build.0 = Debug|Any CPU
		{5653E358-947E-45A4-8BA6-80D02C049B0F}.Debug|x64.ActiveCfg = Debug|Any CPU
		{5653E358-947E-45A4-8BA6-80D02C049B0F}.Debug|x64.Build.0 = Debug|Any CPU
		{5653E358-947E-45A4-8BA6-80D02C049B0F}.Debug|x86.ActiveCfg = Debug|Any CPU
		{5653E358-947E-45A4-8BA6-80D02C049B0F}.Debug|x86.Build.0 = Debug|Any CPU
		{5653E358-947E-45A4-8BA6-80D02C049B0F}.Release|Any CPU.ActiveCfg = Release|Any CPU
		{5653E358-947E-45A4-8BA6-80D02C049B0F}.Release|Any CPU.Build.0 = Release|Any CPU
		{5653E358-947E-45A4-8BA6-80D02C049B0F}.Release|x64.ActiveCfg = Release|Any CPU
		{5653E358-947E-45A4-8BA6-80D02C049B0F}.Release|x64.Build.0 = Release|Any CPU
		{5653E358-947E-45A4-8BA6-80D02C049B0F}.Release|x86.ActiveCfg = Release|Any CPU
		{5653E358-947E-45A4-8BA6-80D02C049B0F}.Release|x86.Build.0 = Release|Any CPU
		{B914EF3A-535C-4239-9D09-1A5F390E9DB7}.Debug|Any CPU.ActiveCfg = Debug|Any CPU
		{B914EF3A-535C-4239-9D09-1A5F390E9DB7}.Debug|Any CPU.Build.0 = Debug|Any CPU
		{B914EF3A-535C-4239-9D09-1A5F390E9DB7}.Debug|x64.ActiveCfg = Debug|Any CPU
		{B914EF3A-535C-4239-9D09-1A5F390E9DB7}.Debug|x64.Build.0 = Debug|Any CPU
		{B914EF3A-535C-4239-9D09-1A5F390E9DB7}.Debug|x86.ActiveCfg = Debug|Any CPU
		{B914EF3A-535C-4239-9D09-1A5F390E9DB7}.Debug|x86.Build.0 = Debug|Any CPU
		{B914EF3A-535C-4239-9D09-1A5F390E9DB7}.Release|Any CPU.ActiveCfg = Release|Any CPU
		{B914EF3A-535C-4239-9D09-1A5F390E9DB7}.Release|Any CPU.Build.0 = Release|Any CPU
		{B914EF3A-535C-4239-9D09-1A5F390E9DB7}.Release|x64.ActiveCfg = Release|Any CPU
		{B914EF3A-535C-4239-9D09-1A5F390E9DB7}.Release|x64.Build.0 = Release|Any CPU
		{B914EF3A-535C-4239-9D09-1A5F390E9DB7}.Release|x86.ActiveCfg = Release|Any CPU
		{B914EF3A-535C-4239-9D09-1A5F390E9DB7}.Release|x86.Build.0 = Release|Any CPU
		{15D6A8A1-36C7-4C82-B19C-C262E6DDADEC}.Debug|Any CPU.ActiveCfg = Debug|Any CPU
		{15D6A8A1-36C7-4C82-B19C-C262E6DDADEC}.Debug|Any CPU.Build.0 = Debug|Any CPU
		{15D6A8A1-36C7-4C82-B19C-C262E6DDADEC}.Debug|x64.ActiveCfg = Debug|Any CPU
		{15D6A8A1-36C7-4C82-B19C-C262E6DDADEC}.Debug|x64.Build.0 = Debug|Any CPU
		{15D6A8A1-36C7-4C82-B19C-C262E6DDADEC}.Debug|x86.ActiveCfg = Debug|Any CPU
		{15D6A8A1-36C7-4C82-B19C-C262E6DDADEC}.Debug|x86.Build.0 = Debug|Any CPU
		{15D6A8A1-36C7-4C82-B19C-C262E6DDADEC}.Release|Any CPU.ActiveCfg = Release|Any CPU
		{15D6A8A1-36C7-4C82-B19C-C262E6DDADEC}.Release|Any CPU.Build.0 = Release|Any CPU
		{15D6A8A1-36C7-4C82-B19C-C262E6DDADEC}.Release|x64.ActiveCfg = Release|Any CPU
		{15D6A8A1-36C7-4C82-B19C-C262E6DDADEC}.Release|x64.Build.0 = Release|Any CPU
		{15D6A8A1-36C7-4C82-B19C-C262E6DDADEC}.Release|x86.ActiveCfg = Release|Any CPU
		{15D6A8A1-36C7-4C82-B19C-C262E6DDADEC}.Release|x86.Build.0 = Release|Any CPU
		{A0720523-E5B1-4D81-B837-D499DCFFE10D}.Debug|Any CPU.ActiveCfg = Debug|Any CPU
		{A0720523-E5B1-4D81-B837-D499DCFFE10D}.Debug|Any CPU.Build.0 = Debug|Any CPU
		{A0720523-E5B1-4D81-B837-D499DCFFE10D}.Debug|x64.ActiveCfg = Debug|Any CPU
		{A0720523-E5B1-4D81-B837-D499DCFFE10D}.Debug|x64.Build.0 = Debug|Any CPU
		{A0720523-E5B1-4D81-B837-D499DCFFE10D}.Debug|x86.ActiveCfg = Debug|Any CPU
		{A0720523-E5B1-4D81-B837-D499DCFFE10D}.Debug|x86.Build.0 = Debug|Any CPU
		{A0720523-E5B1-4D81-B837-D499DCFFE10D}.Release|Any CPU.ActiveCfg = Release|Any CPU
		{A0720523-E5B1-4D81-B837-D499DCFFE10D}.Release|Any CPU.Build.0 = Release|Any CPU
		{A0720523-E5B1-4D81-B837-D499DCFFE10D}.Release|x64.ActiveCfg = Release|Any CPU
		{A0720523-E5B1-4D81-B837-D499DCFFE10D}.Release|x64.Build.0 = Release|Any CPU
		{A0720523-E5B1-4D81-B837-D499DCFFE10D}.Release|x86.ActiveCfg = Release|Any CPU
		{A0720523-E5B1-4D81-B837-D499DCFFE10D}.Release|x86.Build.0 = Release|Any CPU
	EndGlobalSection
	GlobalSection(NestedProjects) = preSolution
		{B7F27190-62E6-4055-8F42-422345C9E0C4} = {1A46DCF9-A66B-40CF-85AA-F8AF7208A3E8}
		{E86E6231-8002-4578-9C9D-93A8ACEE8E77} = {AF4FFB92-9FC9-4F27-BDA4-BDC3CCA3DD28}
		{F2592E90-EB20-486C-A262-CDA161415902} = {1A46DCF9-A66B-40CF-85AA-F8AF7208A3E8}
		{34C801BE-9BB3-4033-8943-F598C9E7D9AB} = {1A46DCF9-A66B-40CF-85AA-F8AF7208A3E8}
		{5653E358-947E-45A4-8BA6-80D02C049B0F} = {1A46DCF9-A66B-40CF-85AA-F8AF7208A3E8}
		{B914EF3A-535C-4239-9D09-1A5F390E9DB7} = {F45357A7-D08A-421B-8CC9-4989859AA7BA}
		{15D6A8A1-36C7-4C82-B19C-C262E6DDADEC} = {F45357A7-D08A-421B-8CC9-4989859AA7BA}
		{A0720523-E5B1-4D81-B837-D499DCFFE10D} = {F45357A7-D08A-421B-8CC9-4989859AA7BA}
	EndGlobalSection
EndGlobal
