
Microsoft Visual Studio Solution File, Format Version 12.00
# Visual Studio 15
VisualStudioVersion = 15.0.26124.0
MinimumVisualStudioVersion = 15.0.26124.0
Project("{2150E333-8FDC-42A3-9474-1A3956D46DE8}") = ".build", ".build", "{CB1D506A-0E4B-4D73-9B71-A775E5BBED64}"
	ProjectSection(SolutionItems) = preProject
		.gitignore = .gitignore
		build.fsx = build.fsx
		paket.dependencies = paket.dependencies
		RELEASE_NOTES.md = RELEASE_NOTES.md
		LICENSE.md = LICENSE.md
	EndProjectSection
EndProject
Project("{2150E333-8FDC-42A3-9474-1A3956D46DE8}") = "src", "src", "{1A46DCF9-A66B-40CF-85AA-F8AF7208A3E8}"
EndProject
Project("{F2A71F9B-5D33-465A-A702-920D77279786}") = "Saon", "src\Saon\Saon.fsproj", "{B7F27190-62E6-4055-8F42-422345C9E0C4}"
EndProject
Project("{2150E333-8FDC-42A3-9474-1A3956D46DE8}") = "tests", "tests", "{F45357A7-D08A-421B-8CC9-4989859AA7BA}"
EndProject
Project("{F2A71F9B-5D33-465A-A702-920D77279786}") = "Saon.Tests", "tests\Saon.Tests\Saon.Tests.fsproj", "{BE4E7AB2-AE05-4149-93C9-FA5B8251DB43}"
EndProject
Project("{2150E333-8FDC-42A3-9474-1A3956D46DE8}") = ".github", ".github", "{AF4FFB92-9FC9-4F27-BDA4-BDC3CCA3DD28}"
EndProject
Project("{2150E333-8FDC-42A3-9474-1A3956D46DE8}") = "workflows", "workflows", "{E86E6231-8002-4578-9C9D-93A8ACEE8E77}"
				ProjectSection(SolutionItems) = preProject
								.github\workflows\build.yml = .github\workflows\build.yml
				EndProjectSection
EndProject
Global
	GlobalSection(SolutionConfigurationPlatforms) = preSolution
		Debug|Any CPU = Debug|Any CPU
		Debug|x64 = Debug|x64
		Debug|x86 = Debug|x86
		Release|Any CPU = Release|Any CPU
		Release|x64 = Release|x64
		Release|x86 = Release|x86
	EndGlobalSection
	GlobalSection(SolutionProperties) = preSolution
		HideSolutionNode = FALSE
	EndGlobalSection
	GlobalSection(ProjectConfigurationPlatforms) = postSolution
		{B7F27190-62E6-4055-8F42-422345C9E0C4}.Debug|Any CPU.ActiveCfg = Debug|Any CPU
		{B7F27190-62E6-4055-8F42-422345C9E0C4}.Debug|Any CPU.Build.0 = Debug|Any CPU
		{B7F27190-62E6-4055-8F42-422345C9E0C4}.Debug|x64.ActiveCfg = Debug|Any CPU
		{B7F27190-62E6-4055-8F42-422345C9E0C4}.Debug|x64.Build.0 = Debug|Any CPU
		{B7F27190-62E6-4055-8F42-422345C9E0C4}.Debug|x86.ActiveCfg = Debug|Any CPU
		{B7F27190-62E6-4055-8F42-422345C9E0C4}.Debug|x86.Build.0 = Debug|Any CPU
		{B7F27190-62E6-4055-8F42-422345C9E0C4}.Release|Any CPU.ActiveCfg = Release|Any CPU
		{B7F27190-62E6-4055-8F42-422345C9E0C4}.Release|Any CPU.Build.0 = Release|Any CPU
		{B7F27190-62E6-4055-8F42-422345C9E0C4}.Release|x64.ActiveCfg = Release|Any CPU
		{B7F27190-62E6-4055-8F42-422345C9E0C4}.Release|x64.Build.0 = Release|Any CPU
		{B7F27190-62E6-4055-8F42-422345C9E0C4}.Release|x86.ActiveCfg = Release|Any CPU
		{B7F27190-62E6-4055-8F42-422345C9E0C4}.Release|x86.Build.0 = Release|Any CPU
		{BE4E7AB2-AE05-4149-93C9-FA5B8251DB43}.Debug|Any CPU.ActiveCfg = Debug|Any CPU
		{BE4E7AB2-AE05-4149-93C9-FA5B8251DB43}.Debug|Any CPU.Build.0 = Debug|Any CPU
		{BE4E7AB2-AE05-4149-93C9-FA5B8251DB43}.Debug|x64.ActiveCfg = Debug|Any CPU
		{BE4E7AB2-AE05-4149-93C9-FA5B8251DB43}.Debug|x64.Build.0 = Debug|Any CPU
		{BE4E7AB2-AE05-4149-93C9-FA5B8251DB43}.Debug|x86.ActiveCfg = Debug|Any CPU
		{BE4E7AB2-AE05-4149-93C9-FA5B8251DB43}.Debug|x86.Build.0 = Debug|Any CPU
		{BE4E7AB2-AE05-4149-93C9-FA5B8251DB43}.Release|Any CPU.ActiveCfg = Release|Any CPU
		{BE4E7AB2-AE05-4149-93C9-FA5B8251DB43}.Release|Any CPU.Build.0 = Release|Any CPU
		{BE4E7AB2-AE05-4149-93C9-FA5B8251DB43}.Release|x64.ActiveCfg = Release|Any CPU
		{BE4E7AB2-AE05-4149-93C9-FA5B8251DB43}.Release|x64.Build.0 = Release|Any CPU
		{BE4E7AB2-AE05-4149-93C9-FA5B8251DB43}.Release|x86.ActiveCfg = Release|Any CPU
		{BE4E7AB2-AE05-4149-93C9-FA5B8251DB43}.Release|x86.Build.0 = Release|Any CPU
	EndGlobalSection
	GlobalSection(NestedProjects) = preSolution
		{B7F27190-62E6-4055-8F42-422345C9E0C4} = {1A46DCF9-A66B-40CF-85AA-F8AF7208A3E8}
		{BE4E7AB2-AE05-4149-93C9-FA5B8251DB43} = {F45357A7-D08A-421B-8CC9-4989859AA7BA}
		{E86E6231-8002-4578-9C9D-93A8ACEE8E77} = {AF4FFB92-9FC9-4F27-BDA4-BDC3CCA3DD28}
	EndGlobalSection
EndGlobal
